
Microsoft Visual Studio Solution File, Format Version 12.00
# Visual Studio Version 16
VisualStudioVersion = 16.0.30523.141
MinimumVisualStudioVersion = 10.0.40219.1
Project("{FAE04EC0-301F-11D3-BF4B-00C04F79EFBC}") = "YandexMusicConsole", "YandexMusicConsole\YandexMusicConsole.csproj", "{271C1056-9BDA-420C-BBDC-3E23F1D33255}"
EndProject
Global
	GlobalSection(SolutionConfigurationPlatforms) = preSolution
		Debug|Any CPU = Debug|Any CPU
		Release|Any CPU = Release|Any CPU
	EndGlobalSection
	GlobalSection(ProjectConfigurationPlatforms) = postSolution
		{271C1056-9BDA-420C-BBDC-3E23F1D33255}.Debug|Any CPU.ActiveCfg = Debug|Any CPU
		{271C1056-9BDA-420C-BBDC-3E23F1D33255}.Debug|Any CPU.Build.0 = Debug|Any CPU
		{271C1056-9BDA-420C-BBDC-3E23F1D33255}.Release|Any CPU.ActiveCfg = Release|Any CPU
		{271C1056-9BDA-420C-BBDC-3E23F1D33255}.Release|Any CPU.Build.0 = Release|Any CPU
	EndGlobalSection
	GlobalSection(SolutionProperties) = preSolution
		HideSolutionNode = FALSE
	EndGlobalSection
	GlobalSection(ExtensibilityGlobals) = postSolution
		SolutionGuid = {A7FB590F-120F-452A-8C4B-4B8EC88A88DF}
	EndGlobalSection
EndGlobal
